
Microsoft Visual Studio Solution File, Format Version 12.00
# Visual Studio 14
VisualStudioVersion = 14.0.23107.0
MinimumVisualStudioVersion = 10.0.40219.1
Project("{8BC9CEB8-8B4A-11D0-8D11-00A0C91BC942}") = "libs3", "vc2015\libs3.vcxproj", "{EC1A992B-B245-44B1-989E-38B0E0BF8AEE}"
EndProject
Project("{8BC9CEB8-8B4A-11D0-8D11-00A0C91BC942}") = "s3_client", "vc2015\s3_client.vcxproj", "{A60F530F-3DAF-4281-96EC-4550726236CF}"
	ProjectSection(ProjectDependencies) = postProject
		{EC1A992B-B245-44B1-989E-38B0E0BF8AEE} = {EC1A992B-B245-44B1-989E-38B0E0BF8AEE}
	EndProjectSection
EndProject
Global
	GlobalSection(SolutionConfigurationPlatforms) = preSolution
		Debug|x64 = Debug|x64
		Debug|x86 = Debug|x86
		MinSizeRel|x64 = MinSizeRel|x64
		MinSizeRel|x86 = MinSizeRel|x86
		Release|x64 = Release|x64
		Release|x86 = Release|x86
		RelWithDebInfo|x64 = RelWithDebInfo|x64
		RelWithDebInfo|x86 = RelWithDebInfo|x86
	EndGlobalSection
	GlobalSection(ProjectConfigurationPlatforms) = postSolution
		{EC1A992B-B245-44B1-989E-38B0E0BF8AEE}.Debug|x64.ActiveCfg = Debug|x64
		{EC1A992B-B245-44B1-989E-38B0E0BF8AEE}.Debug|x64.Build.0 = Debug|x64
		{EC1A992B-B245-44B1-989E-38B0E0BF8AEE}.Debug|x86.ActiveCfg = Debug|Win32
		{EC1A992B-B245-44B1-989E-38B0E0BF8AEE}.Debug|x86.Build.0 = Debug|Win32
		{EC1A992B-B245-44B1-989E-38B0E0BF8AEE}.MinSizeRel|x64.ActiveCfg = MinSizeRel|x64
		{EC1A992B-B245-44B1-989E-38B0E0BF8AEE}.MinSizeRel|x64.Build.0 = MinSizeRel|x64
		{EC1A992B-B245-44B1-989E-38B0E0BF8AEE}.MinSizeRel|x86.ActiveCfg = MinSizeRel|Win32
		{EC1A992B-B245-44B1-989E-38B0E0BF8AEE}.MinSizeRel|x86.Build.0 = MinSizeRel|Win32
		{EC1A992B-B245-44B1-989E-38B0E0BF8AEE}.Release|x64.ActiveCfg = Release|x64
		{EC1A992B-B245-44B1-989E-38B0E0BF8AEE}.Release|x64.Build.0 = Release|x64
		{EC1A992B-B245-44B1-989E-38B0E0BF8AEE}.Release|x86.ActiveCfg = Release|Win32
		{EC1A992B-B245-44B1-989E-38B0E0BF8AEE}.Release|x86.Build.0 = Release|Win32
		{EC1A992B-B245-44B1-989E-38B0E0BF8AEE}.RelWithDebInfo|x64.ActiveCfg = RelWithDebInfo|x64
		{EC1A992B-B245-44B1-989E-38B0E0BF8AEE}.RelWithDebInfo|x64.Build.0 = RelWithDebInfo|x64
		{EC1A992B-B245-44B1-989E-38B0E0BF8AEE}.RelWithDebInfo|x86.ActiveCfg = RelWithDebInfo|Win32
		{EC1A992B-B245-44B1-989E-38B0E0BF8AEE}.RelWithDebInfo|x86.Build.0 = RelWithDebInfo|Win32
		{A60F530F-3DAF-4281-96EC-4550726236CF}.Debug|x64.ActiveCfg = Debug|x64
		{A60F530F-3DAF-4281-96EC-4550726236CF}.Debug|x64.Build.0 = Debug|x64
		{A60F530F-3DAF-4281-96EC-4550726236CF}.Debug|x86.ActiveCfg = Debug|Win32
		{A60F530F-3DAF-4281-96EC-4550726236CF}.Debug|x86.Build.0 = Debug|Win32
		{A60F530F-3DAF-4281-96EC-4550726236CF}.MinSizeRel|x64.ActiveCfg = MinSizeRel|x64
		{A60F530F-3DAF-4281-96EC-4550726236CF}.MinSizeRel|x64.Build.0 = MinSizeRel|x64
		{A60F530F-3DAF-4281-96EC-4550726236CF}.MinSizeRel|x86.ActiveCfg = MinSizeRel|Win32
		{A60F530F-3DAF-4281-96EC-4550726236CF}.MinSizeRel|x86.Build.0 = MinSizeRel|Win32
		{A60F530F-3DAF-4281-96EC-4550726236CF}.Release|x64.ActiveCfg = Release|x64
		{A60F530F-3DAF-4281-96EC-4550726236CF}.Release|x64.Build.0 = Release|x64
		{A60F530F-3DAF-4281-96EC-4550726236CF}.Release|x86.ActiveCfg = Release|Win32
		{A60F530F-3DAF-4281-96EC-4550726236CF}.Release|x86.Build.0 = Release|Win32
		{A60F530F-3DAF-4281-96EC-4550726236CF}.RelWithDebInfo|x64.ActiveCfg = RelWithDebInfo|x64
		{A60F530F-3DAF-4281-96EC-4550726236CF}.RelWithDebInfo|x64.Build.0 = RelWithDebInfo|x64
		{A60F530F-3DAF-4281-96EC-4550726236CF}.RelWithDebInfo|x86.ActiveCfg = RelWithDebInfo|Win32
		{A60F530F-3DAF-4281-96EC-4550726236CF}.RelWithDebInfo|x86.Build.0 = RelWithDebInfo|Win32
	EndGlobalSection
	GlobalSection(SolutionProperties) = preSolution
		HideSolutionNode = FALSE
	EndGlobalSection
EndGlobal
